version = 1
revision = 2
requires-python = ">=3.13"

[[package]]
name = "drone"
version = "0.1.0"
source = { virtual = "." }
dependencies = [
    { name = "mavsdk" },
]

[package.metadata]
requires-dist = [{ name = "mavsdk", specifier = ">=3.15.3" }]

[[package]]
name = "grpcio"
version = "1.81.0"
source = { registry = "https://pypi.org/simple" }
dependencies = [
    { name = "typing-extensions" },
]
sdist = { url = "https://files.pythonhosted.org/packages/15/f3/23f47b24f8d8c2028eba501db3acfbb2f592cbb5995eaa6e363a627b74d7/grpcio-1.81.0.tar.gz", hash = "sha256:a5acd7efd3b1fe9b4eb0bcaaa1507eed68a0ad0678b654c3f7b464df9ba9dca5", size = 13032272, upload-time = "2026-06-01T05:56:22.827Z" }
wheels = [
    { url = "https://files.pythonhosted.org/packages/f3/29/779ee53c931d0fd55c1d459fde43e485172caa3ac87cbd43d003a13a0185/grpcio-1.81.0-cp313-cp313-linux_armv7l.whl", hash = "sha256:62bbe463c9f0f2ff24e31bd25f8dd8b4bae78900e315915a3195a0ef1471a855", size = 6054973, upload-time = "2026-06-01T05:55:25.043Z" },
    { url = "https://files.pythonhosted.org/packages/9e/b6/7211807926b5a17f8d9a5d47c739a163d6812fefe3e4714e81cf92945ed7/grpcio-1.81.0-cp313-cp313-macosx_11_0_universal2.whl", hash = "sha256:43c121e135ae44d1559b430db2b2dfad7421cbbe40e1deba506c7dc62b439719", size = 12048662, upload-time = "2026-06-01T05:55:28.453Z" },
    { url = "https://files.pythonhosted.org/packages/64/89/b1b93ef6b34bd20bbaf707fa99133bc9cc302139d5ec6f77a165c7169796/grpcio-1.81.0-cp313-cp313-manylinux2014_aarch64.manylinux_2_17_aarch64.whl", hash = "sha256:f345de40ef2e65f63645d53d251824e6070e07804827c5b00ec2e44555f9f901", size = 6599116, upload-time = "2026-06-01T05:55:31.185Z" },
    { url = "https://files.pythonhosted.org/packages/eb/bc/c89f9b9d1c22895715356a1e009554dae66319e97826bb4d30bcda7d29e8/grpcio-1.81.0-cp313-cp313-manylinux2014_i686.manylinux_2_17_i686.whl", hash = "sha256:8c0855a350886f713b9e458e2a10d208009dcaa849f574e39cd6067db1fe1279", size = 7307591, upload-time = "2026-06-01T05:55:33.463Z" },
    { url = "https://files.pythonhosted.org/packages/65/4a/1df2a4cb4a1386e066ab7e4175e34bb884b35ccb60d3621c09c84af6aabb/grpcio-1.81.0-cp313-cp313-manylinux2014_x86_64.manylinux_2_17_x86_64.whl", hash = "sha256:a524cd530900bd24511fcb7f2ed144da4ea37711c4b094475d0bceca7a93a170", size = 6811797, upload-time = "2026-06-01T05:55:36.731Z" },
    { url = "https://files.pythonhosted.org/packages/8d/dc/fa189d20601a1be25b08850cfb733879bbb1047b62a8feec3a60e3e1a87b/grpcio-1.81.0-cp313-cp313-musllinux_1_2_aarch64.whl", hash = "sha256:e7746ba3e6efc9e2b748eff59470a2b8684d5a9ec607c6580bcaa5be175820bc", size = 7415131, upload-time = "2026-06-01T05:55:39.451Z" },
    { url = "https://files.pythonhosted.org/packages/ad/a3/5625c48cb48d23c6631b3e5294f88e4c751f22a52591ae78859fab96dca1/grpcio-1.81.0-cp313-cp313-musllinux_1_2_i686.whl", hash = "sha256:aaaa4f7f2057d795952e4eacf3f342be8b5b156992f6ac85023c8b98794ebd47", size = 8408398, upload-time = "2026-06-01T05:55:42.219Z" },
    { url = "https://files.pythonhosted.org/packages/75/34/0f8202c6809a46c2b4d69125ef3667c40b1c211f8e19930e5fa1f1197039/grpcio-1.81.0-cp313-cp313-musllinux_1_2_x86_64.whl", hash = "sha256:0fba53cb96004b2b7fb758b46b2288cb49d0b658316a4e73f3ef67230616ee65", size = 7844481, upload-time = "2026-06-01T05:55:44.849Z" },
    { url = "https://files.pythonhosted.org/packages/c0/95/c3366b5b5edf4c4adc90f2e29ca16e57965a8e56dc8d2ee89565ba1905bb/grpcio-1.81.0-cp313-cp313-win32.whl", hash = "sha256:c197e2ef75a442528072b29e9755da299110e8610e8bcbb59a6b4cf55384f005", size = 4182777, upload-time = "2026-06-01T05:55:47.459Z" },
    { url = "https://files.pythonhosted.org/packages/a9/a7/932f2f748511a32e641a2aba0d30dded3ed6e8bc330e0924e4d5d86853e6/grpcio-1.81.0-cp313-cp313-win_amd64.whl", hash = "sha256:194eddfacc84d80f50512e9fd4ee851d5f2499f18f299c95aa8fb4748f0537e0", size = 4928085, upload-time = "2026-06-01T05:55:50.158Z" },
    { url = "https://files.pythonhosted.org/packages/c5/1d/28b231333857deb840bc3d182ae087510170ea6d68f21393aeb0fe499530/grpcio-1.81.0-cp314-cp314-linux_armv7l.whl", hash = "sha256:a9351055f52660b58f3d4890ea66188b5134399f82b11aa0c55bd4b99eff5390", size = 6055712, upload-time = "2026-06-01T05:55:52.889Z" },
    { url = "https://files.pythonhosted.org/packages/e8/b8/999c14f9dff0fc47549d2e827cba1343ddc18e1d1bf0d06d2cf628eecbd9/grpcio-1.81.0-cp314-cp314-macosx_11_0_universal2.whl", hash = "sha256:300f3337b6425fd16ead9a4f9b2ac25801acb64aa5bc0b99eb69901645b2b1d2", size = 12057189, upload-time = "2026-06-01T05:55:55.952Z" },
    { url = "https://files.pythonhosted.org/packages/1e/3d/1fbde079572562af65351151d840525a13879eb7b481d35b55cd64c6127a/grpcio-1.81.0-cp314-cp314-manylinux2014_aarch64.manylinux_2_17_aarch64.whl", hash = "sha256:97bbd623f7ded558fd4f7cb5a4f600c4d4de65c5dd364c83a5b14b2a10a2d3b5", size = 6608136, upload-time = "2026-06-01T05:55:59.069Z" },
    { url = "https://files.pythonhosted.org/packages/32/89/1f17cb6882abfd8e5a303a25d5d1665abef5a8c499a96198c65a651d1b85/grpcio-1.81.0-cp314-cp314-manylinux2014_i686.manylinux_2_17_i686.whl", hash = "sha256:ff83d889e3ebf6341c8c7864ad8031591ad5ca61599072fc511644d1eb962d2b", size = 7307045, upload-time = "2026-06-01T05:56:02.376Z" },
    { url = "https://files.pythonhosted.org/packages/48/5a/f98e91b2e755652e637ea2144318b0229b290062199f761b445fe1fa6015/grpcio-1.81.0-cp314-cp314-manylinux2014_x86_64.manylinux_2_17_x86_64.whl", hash = "sha256:c4fe218c5a35e1d87a5a26544237f1fa41dfd9cbd3c856b0810a30061f8b0aaf", size = 6812794, upload-time = "2026-06-01T05:56:05.777Z" },
    { url = "https://files.pythonhosted.org/packages/0a/0c/77892d715ac41e7ec0ace2a50080ffb64e189188056f607a66fe0014d1ee/grpcio-1.81.0-cp314-cp314-musllinux_1_2_aarch64.whl", hash = "sha256:b8b025b6af43ee0ad4a70307025d77bcab5adde7c4597786010d802c203e9fc5", size = 7422767, upload-time = "2026-06-01T05:56:08.524Z" },
    { url = "https://files.pythonhosted.org/packages/3f/b8/aa04590c6564714d94954515f15a236e59d4b9b3ad01e615f1b706d7792d/grpcio-1.81.0-cp314-cp314-musllinux_1_2_i686.whl", hash = "sha256:3d4e0ce5a40a998cf608c8ba60ecfe18fdf364a9aa193ae4ac3faeecd0e86757", size = 8408551, upload-time = "2026-06-01T05:56:11.283Z" },
    { url = "https://files.pythonhosted.org/packages/43/3d/4f4a3450a1973568910c6909cb74abbf2126f68aefae5976962f9f7ad50d/grpcio-1.81.0-cp314-cp314-musllinux_1_2_x86_64.whl", hash = "sha256:aa948712c8e5fa40ec250870bda14bc7578e1bb832a8912d9d2a0f720518edbe", size = 7846468, upload-time = "2026-06-01T05:56:14.536Z" },
    { url = "https://files.pythonhosted.org/packages/88/f4/5827fd248221ad3b44161c23ce9b5f4ee405b04fc6da5fd402a9aa87a84a/grpcio-1.81.0-cp314-cp314-win32.whl", hash = "sha256:fbbe81314a9d92156abce8b62c09364eb8bafc0ca2a19919a45ec64b5c6cb664", size = 4264427, upload-time = "2026-06-01T05:56:17.192Z" },
    { url = "https://files.pythonhosted.org/packages/0c/e8/127dc2b246096ad50ef7c8d9b7b31d757787aeb796368bcdd4454e4204c4/grpcio-1.81.0-cp314-cp314-win_amd64.whl", hash = "sha256:b93cee313cae4e113fbb3a0ce1ea5633db6f63cfde2b2dc1d817429026b2a50b", size = 5070848, upload-time = "2026-06-01T05:56:19.735Z" },
]

[[package]]
name = "mavsdk"
version = "3.15.3"
source = { registry = "https://pypi.org/simple" }
dependencies = [
    { name = "grpcio" },
    { name = "protobuf" },
]
wheels = [
    { url = "https://files.pythonhosted.org/packages/1c/8b/fb30487c6804a79425bb4148481d84201728cf90dceb9886e0ad175dcef1/mavsdk-3.15.3-py3-none-linux_armv6l.whl", hash = "sha256:3b9d35cc2ea7599f78d1a7f73a36d6df44d9df38175ef788b5783bcc0c8dc7c8", size = 16562766, upload-time = "2026-02-11T01:48:55.732Z" },
    { url = "https://files.pythonhosted.org/packages/79/16/31d2693ef1c084861cfeaa3afe85871a9af95f2b481e05d3209902357bc1/mavsdk-3.15.3-py3-none-linux_armv7l.whl", hash = "sha256:e4dc685d456aa47928bebdfebfcb2fa056bf7f5c6cf5a10f34e77e51b5a6b526", size = 16562720, upload-time = "2026-02-11T01:48:58.441Z" },
    { url = "https://files.pythonhosted.org/packages/32/b5/81f857ec826c0b8b805ac7d3f4ec8e1dbd926ff318d1f92738e3594bff1d/mavsdk-3.15.3-py3-none-macosx_13_0_x86_64.whl", hash = "sha256:620aa9afcd115be9d118630246bbab2f60f58f596902d01ddaacc3259a13fc79", size = 12258385, upload-time = "2026-02-11T01:50:19.39Z" },
    { url = "https://files.pythonhosted.org/packages/1e/d1/2074e1dac83c83b1fc65cc4d6e3abcc2101f62059c8640cdb91c08c0c7fd/mavsdk-3.15.3-py3-none-macosx_14_0_arm64.whl", hash = "sha256:d7425842aa240c9a3bbccf7f34af6231c0e034209e54cdc47a790b70f90f705d", size = 11705000, upload-time = "2026-02-11T01:48:59.789Z" },
    { url = "https://files.pythonhosted.org/packages/f7/9c/b889e9403024b6c8fcfb2012fb96433a1f92877de09c3ae14ea06f162b4f/mavsdk-3.15.3-py3-none-manylinux1_x86_64.manylinux2014_x86_64.manylinux_2_17_x86_64.manylinux_2_5_x86_64.whl", hash = "sha256:ce07022a4a292bb15e1e744abe93980d8338256f76852ca5352e51229017c62f", size = 15193048, upload-time = "2026-02-11T01:49:19.052Z" },
    { url = "https://files.pythonhosted.org/packages/90/43/8aa26d7439a8b93a325f79de6a9795d3e9e48d138405ec5748a726cd6a08/mavsdk-3.15.3-py3-none-manylinux2014_aarch64.whl", hash = "sha256:18f0db1d017b237564bf25a31933e8ce29d35b5014e8667f05399a2ac4c415b4", size = 18218003, upload-time = "2026-02-11T01:48:59.371Z" },
    { url = "https://files.pythonhosted.org/packages/2a/d8/266335200bb22021da58eeece232ed9323bf3d514dcfc75cde0b8507ba65/mavsdk-3.15.3-py3-none-win32.whl", hash = "sha256:b08a500236fa814c1f43a86fe3281085918c16c36c3c398ac954631ce0dcbb42", size = 10757785, upload-time = "2026-02-11T01:49:49.987Z" },
    { url = "https://files.pythonhosted.org/packages/f4/b8/b9220987869d626fe6fe6947ad5a107e18612c69e79f2b7fe1d9a40e629c/mavsdk-3.15.3-py3-none-win_amd64.whl", hash = "sha256:5bfa8fb656b273f90f3d4c4e1ee65c205f3e1af83d8a4d8c7d5cf1f387c3931b", size = 10757785, upload-time = "2026-02-11T01:49:31.69Z" },
    { url = "https://files.pythonhosted.org/packages/b3/70/4c0d767506aa2bfe21587ba20416b859e23d4230bc469b85e136f0c75c12/mavsdk-3.15.3-py3-none-win_arm64.whl", hash = "sha256:dce986f9672f759fbe8f07c10568fa4111982a4a3da2502331aa79762f164115", size = 10757785, upload-time = "2026-02-11T01:49:56.351Z" },
]

[[package]]
name = "protobuf"
version = "7.35.0"
source = { registry = "https://pypi.org/simple" }
sdist = { url = "https://files.pythonhosted.org/packages/60/fd/5b1491d9e4b586d621c54f4c36b888714164b6875f8d6afa3f9072906a51/protobuf-7.35.0.tar.gz", hash = "sha256:a2efd84605f41e559f1881b0912b44099d0a2ac9bf46b3474823f10fb393b0e6", size = 458677, upload-time = "2026-05-19T23:02:29.197Z" }
wheels = [
    { url = "https://files.pythonhosted.org/packages/83/ee/93d06e358a4aa32280b00e722d3ea0a1f25fc3cc5778d80581c9cca2c10e/protobuf-7.35.0-cp310-abi3-macosx_10_9_universal2.whl", hash = "sha256:66be6c513931c794fa92c080ffee41671390da3d79da219cf9c0c0907f035dda", size = 433225, upload-time = "2026-05-19T23:02:19.884Z" },
    { url = "https://files.pythonhosted.org/packages/8b/39/1c76c2da93f3c507e958e0aecee2391cc44d4625de6c728bbc555195b5a8/protobuf-7.35.0-cp310-abi3-manylinux2014_aarch64.whl", hash = "sha256:fcbe42a4ac09d3ec9c987ddfcd956afd0b15f1ff613bd8371bde9405ffd5c8e5", size = 328847, upload-time = "2026-05-19T23:02:22.3Z" },
    { url = "https://files.pythonhosted.org/packages/91/1a/39f7ce90a238c1a987a4d81ec26379e02ca0aff367de68e4a1fa474215b9/protobuf-7.35.0-cp310-abi3-manylinux2014_s390x.whl", hash = "sha256:4cbf5cc286130e06a6c9bbefac442431173906dfcc979712183d4adcc01b37ee", size = 344030, upload-time = "2026-05-19T23:02:23.591Z" },
    { url = "https://files.pythonhosted.org/packages/70/5b/6baf9008817964454055ff3fe65f1de0b5f1e26c80c82f7fb108b7cd4ea3/protobuf-7.35.0-cp310-abi3-manylinux2014_x86_64.whl", hash = "sha256:6c0f98f10c8a05ea30f8993dfef2de093d27b490fdae78bb60c8343795d55011", size = 327130, upload-time = "2026-05-19T23:02:24.637Z" },
    { url = "https://files.pythonhosted.org/packages/8e/e5/e46adb0badc388bfb84877a5f9f026aff63f60e611016cf64dbe77e05446/protobuf-7.35.0-cp310-abi3-win32.whl", hash = "sha256:4c4617b83ade0e279d1d2bfe04025a1adb87f9ed657de038620dc0ff959357f6", size = 428946, upload-time = "2026-05-19T23:02:25.741Z" },
    { url = "https://files.pythonhosted.org/packages/a7/ab/547fbd9e16d879dd13c167478f8ae0a83a428008ca07a5e06acdc23ad473/protobuf-7.35.0-cp310-abi3-win_amd64.whl", hash = "sha256:f05bcadf9a2a6b8dda047007075135fb7d08c73d9177aabc067e1be46881a201", size = 439996, upload-time = "2026-05-19T23:02:26.808Z" },
    { url = "https://files.pythonhosted.org/packages/b8/ef/50433d346c56657a70d27f156c7b349ac59a068b01de4eb796e747eecc43/protobuf-7.35.0-py3-none-any.whl", hash = "sha256:c13f325cf242bad135c350629eeb5d54b24228eb472fb3e2e9ebbd4c5dc20ca0", size = 171659, upload-time = "2026-05-19T23:02:27.842Z" },
]

[[package]]
name = "typing-extensions"
version = "4.15.0"
source = { registry = "https://pypi.org/simple" }
sdist = { url = "https://files.pythonhosted.org/packages/72/94/1a15dd82efb362ac84269196e94cf00f187f7ed21c242792a923cdb1c61f/typing_extensions-4.15.0.tar.gz", hash = "sha256:0cea48d173cc12fa28ecabc3b837ea3cf6f38c6d1136f85cbaaf598984861466", size = 109391, upload-time = "2025-08-25T13:49:26.313Z" }
wheels = [
    { url = "https://files.pythonhosted.org/packages/18/67/36e9267722cc04a6b9f15c7f3441c2363321a3ea07da7ae0c0707beb2a9c/typing_extensions-4.15.0-py3-none-any.whl", hash = "sha256:f0fa19c6845758ab08074a0cfa8b7aecb71c999ca73d62883bc25cc018c4e548", size = 44614, upload-time = "2025-08-25T13:49:24.86Z" },
]
